
Microsoft Visual Studio Solution File, Format Version 12.00
# Visual Studio Version 16
VisualStudioVersion = 16.0.30503.244
MinimumVisualStudioVersion = 10.0.40219.1
Project("{FAE04EC0-301F-11D3-BF4B-00C04F79EFBC}") = "algorithms-nvnam", "algorithms-nvnam\algorithms-nvnam.csproj", "{678FE355-7BDA-46E0-A0A5-4FD8EBFB1817}"
EndProject
Global
	GlobalSection(SolutionConfigurationPlatforms) = preSolution
		Debug|Any CPU = Debug|Any CPU
		Release|Any CPU = Release|Any CPU
	EndGlobalSection
	GlobalSection(ProjectConfigurationPlatforms) = postSolution
		{678FE355-7BDA-46E0-A0A5-4FD8EBFB1817}.Debug|Any CPU.ActiveCfg = Debug|Any CPU
		{678FE355-7BDA-46E0-A0A5-4FD8EBFB1817}.Debug|Any CPU.Build.0 = Debug|Any CPU
		{678FE355-7BDA-46E0-A0A5-4FD8EBFB1817}.Release|Any CPU.ActiveCfg = Release|Any CPU
		{678FE355-7BDA-46E0-A0A5-4FD8EBFB1817}.Release|Any CPU.Build.0 = Release|Any CPU
	EndGlobalSection
	GlobalSection(SolutionProperties) = preSolution
		HideSolutionNode = FALSE
	EndGlobalSection
	GlobalSection(ExtensibilityGlobals) = postSolution
		SolutionGuid = {0F499466-2F46-46BD-A7E9-C2C1272138CE}
	EndGlobalSection
EndGlobal
